
Microsoft Visual Studio Solution File, Format Version 12.00
# Visual Studio Express 2012 for Windows Desktop
Project("{FAE04EC0-301F-11D3-BF4B-00C04F79EFBC}") = "softwaretesting", "softwaretesting\softwaretesting.csproj", "{FC2BE6B7-340C-43C1-87E3-65CFCF7B87FC}"
EndProject
Global
	GlobalSection(SolutionConfigurationPlatforms) = preSolution
		Debug|Any CPU = Debug|Any CPU
		Release|Any CPU = Release|Any CPU
	EndGlobalSection
	GlobalSection(ProjectConfigurationPlatforms) = postSolution
		{FC2BE6B7-340C-43C1-87E3-65CFCF7B87FC}.Debug|Any CPU.ActiveCfg = Debug|Any CPU
		{FC2BE6B7-340C-43C1-87E3-65CFCF7B87FC}.Debug|Any CPU.Build.0 = Debug|Any CPU
		{FC2BE6B7-340C-43C1-87E3-65CFCF7B87FC}.Release|Any CPU.ActiveCfg = Release|Any CPU
		{FC2BE6B7-340C-43C1-87E3-65CFCF7B87FC}.Release|Any CPU.Build.0 = Release|Any CPU
	EndGlobalSection
	GlobalSection(SolutionProperties) = preSolution
		HideSolutionNode = FALSE
	EndGlobalSection
EndGlobal
